{
  "name": "randomid-generator",
  "version": "1.0.0",
  "lockfileVersion": 2,
  "requires": true,
  "packages": {
    "": {
      "name": "randomid-generator",
      "version": "1.0.0",
      "license": "ISC",
      "dependencies": {
        "@tycjann/randomid-generator": "^1.0.0"
      }
    },
    "node_modules/@tycjann/randomid-generator": {
      "version": "1.0.0",
      "resolved": "https://registry.npmjs.org/@tycjann/randomid-generator/-/randomid-generator-1.0.0.tgz",
      "integrity": "sha512-ONPv78T33t1DStpRC0YcbtOxY6outfpEXauZ7ryTp412V44uRpsuExkUXUiCOWwbrQoI5UR8IKCGZcC9TSY6KA=="
    }
  },
  "dependencies": {
    "@tycjann/randomid-generator": {
      "version": "1.0.0",
      "resolved": "https://registry.npmjs.org/@tycjann/randomid-generator/-/randomid-generator-1.0.0.tgz",
      "integrity": "sha512-ONPv78T33t1DStpRC0YcbtOxY6outfpEXauZ7ryTp412V44uRpsuExkUXUiCOWwbrQoI5UR8IKCGZcC9TSY6KA=="
    }
  }
}
